{
    "_meta": {
        "hash": {
            "sha256": "830f7de64018fc1854bf036fb64a27f3743e41bc1cf47feaecfbb0011d0fd1ae"
        },
        "pipfile-spec": 6,
        "requires": {
            "python_version": "3.12"
        },
        "sources": [
            {
                "name": "pypi",
                "url": "https://pypi.org/simple",
                "verify_ssl": true
            }
        ]
    },
    "default": {
        "asgiref": {
            "hashes": [
                "sha256:59dcb51c272ad209d59bed5708a64a333083e86017d7fcdd67498eeab7784340",
                "sha256:fe386d1c2bff7259ea95929266d12a8cf9a8b5a1c2598402967d8792e7a7c094"
            ],
            "markers": "python_version >= '3.10'",
            "version": "==3.12.1"
        },
        "django": {
            "hashes": [
                "sha256:6c132cd980c9392b06807d4ca52d72530d631dc65a85d9dacede00a780cefbbe",
                "sha256:86a2aacd59b817e4d6ac2ebfe22356c58f66f7b24e503f71b7c2fead677ee48b"
            ],
            "index": "pypi",
            "markers": "python_version >= '3.12'",
            "version": "==6.1"
        },
        "django-cors-headers": {
            "hashes": [
                "sha256:15c7f20727f90044dcee2216a9fd7303741a864865f0c3657e28b7056f61b449",
                "sha256:fe5d7cb59fdc2c8c646ce84b727ac2bca8912a247e6e68e1fb507372178e59e8"
            ],
            "index": "pypi",
            "markers": "python_version >= '3.9'",
            "version": "==4.9.0"
        },
        "djangorestframework": {
            "hashes": [
                "sha256:2323a5111837e0b784dcb8323abc78ecc54fa2a5af7aff2677cf50cdd849477f",
                "sha256:381fc44d3249c9565c5f723850855b734e99030eb30957a49f506d3fe11d7dcb"
            ],
            "index": "pypi",
            "markers": "python_version >= '3.10'",
            "version": "==3.18.0"
        },
        "psycopg": {
            "hashes": [
                "sha256:b6bbc25ccf05c8fad3b061d9db2ef0909a555171b84b07f29458a447253d679a",
                "sha256:e21207764952cff81b6b8bdacad9a3939f2793367fdac2987b3aac36a651b5bc"
            ],
            "index": "pypi",
            "markers": "python_version >= '3.10'",
            "version": "==3.3.4"
        },
        "psycopg-binary": {
            "hashes": [
                "sha256:018fbed325936da502feb546642c982dcc4b9ffdea32dfef78dbf3b7f7ad4070",
                "sha256:0579252a1202cd73e4da137a1426e2dae993ae44e757605344282af3a082848c",
                "sha256:136f199a407b5348b9b857c504aff60c77622a28482e7195839ce1b51238c4cc",
                "sha256:13a7f380824c35896dcac7fe0f61440f7ca49d6dc73f3c13a9a4471e6a3b302e",
                "sha256:17a21953a9e5ff3a16dab692625a3676e2f101db5e40072f39dbee2250194d68",
                "sha256:1dc1f79fd16bb1f3f4421417a514607539f17804d95c7ed617265369d1981cae",
                "sha256:1fbaa292a3c8bb61b45df1ad3da1908ccee7cb889db9425e3557d9e34e2a4829",
                "sha256:22cdbf5f91ef7bb91fe0c5757e1962d3127a8010256eefd9c61fcaf441802097",
                "sha256:26df2717e59c0473e4465a97dfb1b7afebaa479277870fd5784d1436470db47c",
                "sha256:276904e3452d6a23d474ef9a21eee19f20eed3d53ddd2576af033827e0ba0992",
                "sha256:28b7398fdd19db3232c884fb24550bdfe951221f510e195e233299e4c9b78f97",
                "sha256:2c09aad7051326e7603c14e50636db9c01f78272dc54b3accff03d46370461e6",
                "sha256:32a6fbf8481e3a370d0d72b860d35948a693cb01281da217f7b2f307636e591a",
                "sha256:41f2ec0fea529832982bcb6c9415de3c86264ebe562b77a467c0fbcd7efbba8d",
                "sha256:46893c26858be12cc49ca4226ed6a60b4bfccadd946b3bebb783a60b38788228",
                "sha256:47c656a8a7ba6eb0cff1801a4caaa9c8bdc12d03080e273aff1c8ac39971a77e",
                "sha256:494ca54901be8cf9eb7e02c25b731f2317c378efa44f43e8f9bd0e1184ae7be4",
                "sha256:514404ed543efd620c85602b747df2a23cf1241b4067199e1a66f2d2757aaa41",
                "sha256:574ea21a9651958f1535c5a1c649c7409e9168bcbffa29a3f2f961f58b322949",
                "sha256:580ae30a5f95ccd90008ec697d3ed6a4a2047a516407ad904283fa42086936e9",
                "sha256:5ab28a2a7649df3b72e6b674b4c190e448e8e77cf496a65bd846472048de2089",
                "sha256:5c4ab71be17bdca30cb34c34c4e1496e2f5d6f20c199c12bad226070b22ef9bf",
                "sha256:612a627d733f695b1de1f9b4bd511c15f999a5d8b915d444bbd7dd71cf3370da",
                "sha256:6402a9d8146cf4b3974ded3fd28a971e83dc6a0333eb7822524a3aa20b546578",
                "sha256:6b9016b1714da4dd5ecaaa75b82098aa5a0b87854ce9b092e21c27c4ae23e014",
                "sha256:71e55ccbdfae79a2ed9c6369c3008a3025817ff9d7e27b32a2d84e2a4267e66e",
                "sha256:7465bfe6087d2d5b42d4c53b9b11ca9f218e477317a4a162a10e3c19e984ba8e",
                "sha256:75a9067e236f9b9ae3535b66fe99bddb33d39c0de10112e49b9ab11eee53dc31",
                "sha256:773d573e11f437ce0bdb95b7c18dc58390494f96d43f8b45b9760436114f7652",
                "sha256:77df19583501ea288eaf15ac0fe7ad01e6d8091a91d5c41df5c718f307d8e31b",
                "sha256:7f7668f30b9dd5163197e5cbf4e0efd54e00f0a859cc566ce56cfc31f4054839",
                "sha256:8c0056529e68dbe9184cd4019a1f3d8f3a4ead2f6fc7a5afcf27d3314edd1277",
                "sha256:94596f9e7633ee3f6440711d43bb70aa31cc0a46a900ab8b4201a366ace5c9e7",
                "sha256:ab8cca8ef8fb1ccf5b048ae5bd78ba55b9e4b5d472e3ce5ca39ff4d2a9c249e4",
                "sha256:ad3bc94054876155549fdaedf4a46d1ec69d39a5bcee377148afe498e84c4b8e",
                "sha256:b56b603ebcea8aa10b46228b8410ba7f13e7c2ee54389d4d9be0927fd8ce2a70",
                "sha256:b6f5a29e9c775b9f12a1a717aa7a2c80f9e1db6f27ba44a5b59c80ac61d2ffcf",
                "sha256:b7bfff1ca23732b488cbca3076fc11bc98d520ee122514fdb17a8e20d3338f5a",
                "sha256:bdef84570ebbce1d42b4e7ea952d21c414c5f118ad02fee00c5625f35e134429",
                "sha256:c37e024c07308cd06cf3ec51bfd0e7f6157585a4d84d1bce4a7f5f7913719bf8",
                "sha256:c677c4ad433cb7150c8cd304a0769ae3bcfbe5ea0676eb53faa7b1443b16d0d3",
                "sha256:cf7f73a4a792bc5db58a4b385d8a1467e8d468f7548702fb0ed1e9b7501b1c13",
                "sha256:cffc3408d77a27973f33e5d909b624cce683db5fc25964b02fe0aae7886c1007",
                "sha256:d7b4d40c153fa352ab3cca530f3a0baedf7621b2ebcbd7f084009522c21788fc",
                "sha256:dbfdb9b6cc79f31104a7b162a2b921b765fcc62af6c00540a167a8de47e4ed38",
                "sha256:df1d567fc430f6df15c9fcf67d87685fc49bdb325adc0db5af1adfb2f44eb5c9",
                "sha256:e2631da29253a98bd496e6c4813b24e09a4fe3fb2a9e88513305d6f8747cce95",
                "sha256:e7510c37550f91a187e3660a8cc50d4b760f8c3b8b2f89ebc5698cd2c7f2c85d",
                "sha256:eb05ee1c2b817d27c537333224c9e83c7afb86fe7296ba970990068baf819b16",
                "sha256:eb4eed2079c01a4850bf467deacfab56d356d4225040170af03dc9958321242d",
                "sha256:ee17a2cf4943cde261adfad1bbc5bf38d6b3776d7afff74c7cabcbeaeb08c260",
                "sha256:f80e3f2b5331dbbf0901bcb658056c03eeb2c1ef31d774afb0d61598b242e744",
                "sha256:f9b1c2533af01cd7648378599f82b0b8ae32f293296e6eec5753a625bc97ef28",
                "sha256:fa1cbc10768a796c96d3243656016bf4e337c81c71097270bb7b0ad6210d9765",
                "sha256:fbd1d4ed566895ad2d3bf4ddfd8bae90026930ddf29df3b9d91d32c8c47866a7"
            ],
            "index": "pypi",
            "markers": "python_version >= '3.10'",
            "version": "==3.3.4"
        },
        "python-decouple": {
            "hashes": [
                "sha256:ba6e2657d4f376ecc46f77a3a615e058d93ba5e465c01bbe57289bfb7cce680f",
                "sha256:d0d45340815b25f4de59c974b855bb38d03151d81b037d9e3f463b0c9f8cbd66"
            ],
            "index": "pypi",
            "version": "==3.8"
        },
        "sqlparse": {
            "hashes": [
                "sha256:113c35c75365ab9cc9c7231d68c6428fb11c085fc8e9eb1ad659b7ddbf6cd2b9",
                "sha256:b861c0288ce2fa56209a9a6412d2e066ac664b3873b89c26c9d8415e8e32996f"
            ],
            "markers": "python_version >= '3.10'",
            "version": "==0.6.0"
        },
        "typing-extensions": {
            "hashes": [
                "sha256:481caa481374e813c1b176ada14e97f1f67a4539ce9cfeb3f350d78d6370c2e8",
                "sha256:dc983d19a509c94dba722ee6abd33940f7c05a89e243c47e907eb4db6f1a43e5"
            ],
            "markers": "python_version < '3.13'",
            "version": "==4.16.0"
        }
    },
    "develop": {
        "iniconfig": {
            "hashes": [
                "sha256:c76315c77db068650d49c5b56314774a7804df16fee4402c1f19d6d15d8c4730",
                "sha256:f631c04d2c48c52b84d0d0549c99ff3859c98df65b3101406327ecc7d53fbf12"
            ],
            "markers": "python_version >= '3.10'",
            "version": "==2.3.0"
        },
        "packaging": {
            "hashes": [
                "sha256:94edc256424af38762eb31306eed28beb9f0efc50a8837492c9d6fd6004aed79",
                "sha256:d7193f7c8e4e93f444fde0262bf90af30e16fa0ad0ad44cb553c87339b23cd1c"
            ],
            "markers": "python_version >= '3.9'",
            "version": "==26.3"
        },
        "pluggy": {
            "hashes": [
                "sha256:7dcc130b76258d33b90f61b658791dede3486c3e6bfb003ee5c9bfb396dd22f3",
                "sha256:e920276dd6813095e9377c0bc5566d94c932c33b27a3e3945d8389c374dd4746"
            ],
            "markers": "python_version >= '3.9'",
            "version": "==1.6.0"
        },
        "pygments": {
            "hashes": [
                "sha256:2363c69b61c4a97c838da3b130dcd6468f4848992b21a82f2a63ec34377137d9",
                "sha256:610ca751c9bc2492b38eb9a38a7fbc93edbbb2d7182edaf34e66ae493dee5c8c"
            ],
            "markers": "python_version >= '3.9'",
            "version": "==2.21.0"
        },
        "pytest": {
            "hashes": [
                "sha256:1088fbde8f2b49d95a549a195707afa7a76a3ce9bcadc26b6d71f0ffda5fe313",
                "sha256:37a86b45efb9a47a61a36449063e8e18d0cab3161329fc099eb21783169c4f0c"
            ],
            "index": "pypi",
            "markers": "python_version >= '3.10'",
            "version": "==9.1.1"
        },
        "pytest-django": {
            "hashes": [
                "sha256:26787dd3f422cfbab8f55b80a776e2edea7a11092cb74e960bef1312515708ef",
                "sha256:c533b08d89cc675efcd5398eea270b34547e35f9a3608e2c9748dd88428ea187"
            ],
            "index": "pypi",
            "markers": "python_version >= '3.10'",
            "version": "==4.14.0"
        }
    }
}
